// !$*UTF8*$!
{
	archiveVersion = 1;
	classes = {
	};
	objectVersion = 46;
	objects = {

/* Begin PBXBuildFile section */
		28B0066CE8F0B5DBAD290785 /* Pods_SeniorProject.framework in Frameworks */ = {isa = PBXBuildFile; fileRef = 1ECC406A48CD1E8013DDC4AA /* Pods_SeniorProject.framework */; };
		C12B9D341DEDA33000D3C85F /* AppDelegate.swift in Sources */ = {isa = PBXBuildFile; fileRef = C12B9D331DEDA33000D3C85F /* AppDelegate.swift */; };
		C12B9D361DEDA33000D3C85F /* GameScene.sks in Resources */ = {isa = PBXBuildFile; fileRef = C12B9D351DEDA33000D3C85F /* GameScene.sks */; };
		C12B9D381DEDA33000D3C85F /* Actions.sks in Resources */ = {isa = PBXBuildFile; fileRef = C12B9D371DEDA33000D3C85F /* Actions.sks */; };
		C12B9D3A1DEDA33000D3C85F /* GameScene.swift in Sources */ = {isa = PBXBuildFile; fileRef = C12B9D391DEDA33000D3C85F /* GameScene.swift */; };
		C12B9D3C1DEDA33000D3C85F /* GameViewController.swift in Sources */ = {isa = PBXBuildFile; fileRef = C12B9D3B1DEDA33000D3C85F /* GameViewController.swift */; };
		C12B9D3F1DEDA33000D3C85F /* Main.storyboard in Resources */ = {isa = PBXBuildFile; fileRef = C12B9D3D1DEDA33000D3C85F /* Main.storyboard */; };
		C12B9D411DEDA33000D3C85F /* Assets.xcassets in Resources */ = {isa = PBXBuildFile; fileRef = C12B9D401DEDA33000D3C85F /* Assets.xcassets */; };
		C12B9D441DEDA33000D3C85F /* LaunchScreen.storyboard in Resources */ = {isa = PBXBuildFile; fileRef = C12B9D421DEDA33000D3C85F /* LaunchScreen.storyboard */; };
		C13166591E1BCB930083CB74 /* FireParticle.sks in Resources */ = {isa = PBXBuildFile; fileRef = C13166581E1BCB930083CB74 /* FireParticle.sks */; };
		C131665B1E1BCBA40083CB74 /* SmokeParticle.sks in Resources */ = {isa = PBXBuildFile; fileRef = C131665A1E1BCBA40083CB74 /* SmokeParticle.sks */; };
		C1513D981E1CC96B001FEAC0 /* explosion.wav in Resources */ = {isa = PBXBuildFile; fileRef = C1513D971E1CC96B001FEAC0 /* explosion.wav */; };
		C1513D9A1E1CCA48001FEAC0 /* gameSound.mp3 in Resources */ = {isa = PBXBuildFile; fileRef = C1513D991E1CCA48001FEAC0 /* gameSound.mp3 */; };
		C15714131EC859E100F6D1B0 /* MultiplayerPeerSceneTests.swift in Sources */ = {isa = PBXBuildFile; fileRef = C15714121EC859E100F6D1B0 /* MultiplayerPeerSceneTests.swift */; };
		C160F61C1EC1B44F001CF5BC /* Plane.swift in Sources */ = {isa = PBXBuildFile; fileRef = C160F61B1EC1B44F001CF5BC /* Plane.swift */; };
		C18CB6C11E9CD1040093BF82 /* MultipeerConnector.swift in Sources */ = {isa = PBXBuildFile; fileRef = C18CB6C01E9CD1040093BF82 /* MultipeerConnector.swift */; };
		C18CB6C51E9D39AF0093BF82 /* GameModel.swift in Sources */ = {isa = PBXBuildFile; fileRef = C18CB6C41E9D39AF0093BF82 /* GameModel.swift */; };
		C18F88841EC3672F0084BE72 /* SeniorProjectTests.swift in Sources */ = {isa = PBXBuildFile; fileRef = C18F88831EC3672F0084BE72 /* SeniorProjectTests.swift */; };
		C18F888C1EC3677A0084BE72 /* PlaneTests.swift in Sources */ = {isa = PBXBuildFile; fileRef = C18F888B1EC3677A0084BE72 /* PlaneTests.swift */; };
		C18F88941EC710350084BE72 /* SeniorProjectUITests.swift in Sources */ = {isa = PBXBuildFile; fileRef = C18F88931EC710350084BE72 /* SeniorProjectUITests.swift */; };
		C1A2BE4B1E1A4252005BA4B7 /* GameOverScene.swift in Sources */ = {isa = PBXBuildFile; fileRef = C1A2BE4A1E1A4252005BA4B7 /* GameOverScene.swift */; };
		C1A2BE711E1B0D31005BA4B7 /* RainParticle.sks in Resources */ = {isa = PBXBuildFile; fileRef = C1A2BE701E1B0D31005BA4B7 /* RainParticle.sks */; };
		C1A37E8D1ECA230E00EA812F /* MultiplayerPeerScene.swift in Sources */ = {isa = PBXBuildFile; fileRef = C1A37E8C1ECA230E00EA812F /* MultiplayerPeerScene.swift */; };
		C1E468C71E05AE1C00408980 /* MainMenuScene.swift in Sources */ = {isa = PBXBuildFile; fileRef = C1E468C61E05AE1C00408980 /* MainMenuScene.swift */; };
		C1E468CC1E05B0AB00408980 /* theBoldFont.ttf in Resources */ = {isa = PBXBuildFile; fileRef = C1E468CB1E05B0AB00408980 /* theBoldFont.ttf */; };
		C1E621A91ED6FCD400CA9862 /* ScoreBoardScene.swift in Sources */ = {isa = PBXBuildFile; fileRef = C1E621A81ED6FCD400CA9862 /* ScoreBoardScene.swift */; };
		C1E621AB1ED70C3900CA9862 /* HTTPHandler.swift in Sources */ = {isa = PBXBuildFile; fileRef = C1E621AA1ED70C3900CA9862 /* HTTPHandler.swift */; };
		C1E621AD1ED73EC700CA9862 /* Podfile in Resources */ = {isa = PBXBuildFile; fileRef = C1E621AC1ED73EC700CA9862 /* Podfile */; };
		C1E621B21ED8A17800CA9862 /* Reachability.swift in Sources */ = {isa = PBXBuildFile; fileRef = C1E621B11ED8A17800CA9862 /* Reachability.swift */; };
		C1FD2CB51EC766DC0069935F /* MultipeerConnectorTests.swift in Sources */ = {isa = PBXBuildFile; fileRef = C1FD2CB41EC766DC0069935F /* MultipeerConnectorTests.swift */; };
/* End PBXBuildFile section */

/* Begin PBXContainerItemProxy section */
		C18F88861EC3672F0084BE72 /* PBXContainerItemProxy */ = {
			isa = PBXContainerItemProxy;
			containerPortal = C12B9D281DEDA33000D3C85F /* Project object */;
			proxyType = 1;
			remoteGlobalIDString = C12B9D2F1DEDA33000D3C85F;
			remoteInfo = SeniorProject;
		};
		C18F88961EC710350084BE72 /* PBXContainerItemProxy */ = {
			isa = PBXContainerItemProxy;
			containerPortal = C12B9D281DEDA33000D3C85F /* Project object */;
			proxyType = 1;
			remoteGlobalIDString = C12B9D2F1DEDA33000D3C85F;
			remoteInfo = SeniorProject;
		};
/* End PBXContainerItemProxy section */

/* Begin PBXFileReference section */
		1ECC406A48CD1E8013DDC4AA /* Pods_SeniorProject.framework */ = {isa = PBXFileReference; explicitFileType = wrapper.framework; includeInIndex = 0; path = Pods_SeniorProject.framework; sourceTree = BUILT_PRODUCTS_DIR; };
		5BD7573E63BE805CF3578F1E /* Pods-SeniorProject.debug.xcconfig */ = {isa = PBXFileReference; includeInIndex = 1; lastKnownFileType = text.xcconfig; name = "Pods-SeniorProject.debug.xcconfig"; path = "Pods/Target Support Files/Pods-SeniorProject/Pods-SeniorProject.debug.xcconfig"; sourceTree = "<group>"; };
		5C8D98F5961EF7218A06AA6E /* Pods-SeniorProject.release.xcconfig */ = {isa = PBXFileReference; includeInIndex = 1; lastKnownFileType = text.xcconfig; name = "Pods-SeniorProject.release.xcconfig"; path = "Pods/Target Support Files/Pods-SeniorProject/Pods-SeniorProject.release.xcconfig"; sourceTree = "<group>"; };
		C12B9D301DEDA33000D3C85F /* SeniorProject.app */ = {isa = PBXFileReference; explicitFileType = wrapper.application; includeInIndex = 0; path = SeniorProject.app; sourceTree = BUILT_PRODUCTS_DIR; };
		C12B9D331DEDA33000D3C85F /* AppDelegate.swift */ = {isa = PBXFileReference; lastKnownFileType = sourcecode.swift; path = AppDelegate.swift; sourceTree = "<group>"; };
		C12B9D351DEDA33000D3C85F /* GameScene.sks */ = {isa = PBXFileReference; lastKnownFileType = file.sks; path = GameScene.sks; sourceTree = "<group>"; };
		C12B9D371DEDA33000D3C85F /* Actions.sks */ = {isa = PBXFileReference; lastKnownFileType = file.sks; path = Actions.sks; sourceTree = "<group>"; };
		C12B9D391DEDA33000D3C85F /* GameScene.swift */ = {isa = PBXFileReference; lastKnownFileType = sourcecode.swift; path = GameScene.swift; sourceTree = "<group>"; };
		C12B9D3B1DEDA33000D3C85F /* GameViewController.swift */ = {isa = PBXFileReference; lastKnownFileType = sourcecode.swift; path = GameViewController.swift; sourceTree = "<group>"; };
		C12B9D3E1DEDA33000D3C85F /* Base */ = {isa = PBXFileReference; lastKnownFileType = file.storyboard; name = Base; path = Base.lproj/Main.storyboard; sourceTree = "<group>"; };
		C12B9D401DEDA33000D3C85F /* Assets.xcassets */ = {isa = PBXFileReference; lastKnownFileType = folder.assetcatalog; path = Assets.xcassets; sourceTree = "<group>"; };
		C12B9D431DEDA33000D3C85F /* Base */ = {isa = PBXFileReference; lastKnownFileType = file.storyboard; name = Base; path = Base.lproj/LaunchScreen.storyboard; sourceTree = "<group>"; };
		C12B9D451DEDA33000D3C85F /* Info.plist */ = {isa = PBXFileReference; lastKnownFileType = text.plist.xml; path = Info.plist; sourceTree = "<group>"; };
		C13166581E1BCB930083CB74 /* FireParticle.sks */ = {isa = PBXFileReference; lastKnownFileType = file.sks; path = FireParticle.sks; sourceTree = "<group>"; };
		C131665A1E1BCBA40083CB74 /* SmokeParticle.sks */ = {isa = PBXFileReference; lastKnownFileType = file.sks; path = SmokeParticle.sks; sourceTree = "<group>"; };
		C1513D971E1CC96B001FEAC0 /* explosion.wav */ = {isa = PBXFileReference; lastKnownFileType = audio.wav; path = explosion.wav; sourceTree = "<group>"; };
		C1513D991E1CCA48001FEAC0 /* gameSound.mp3 */ = {isa = PBXFileReference; lastKnownFileType = audio.mp3; path = gameSound.mp3; sourceTree = "<group>"; };
		C15714121EC859E100F6D1B0 /* MultiplayerPeerSceneTests.swift */ = {isa = PBXFileReference; fileEncoding = 4; lastKnownFileType = sourcecode.swift; path = MultiplayerPeerSceneTests.swift; sourceTree = "<group>"; };
		C160F61B1EC1B44F001CF5BC /* Plane.swift */ = {isa = PBXFileReference; fileEncoding = 4; lastKnownFileType = sourcecode.swift; path = Plane.swift; sourceTree = "<group>"; };
		C18CB6C01E9CD1040093BF82 /* MultipeerConnector.swift */ = {isa = PBXFileReference; fileEncoding = 4; lastKnownFileType = sourcecode.swift; path = MultipeerConnector.swift; sourceTree = "<group>"; };
		C18CB6C41E9D39AF0093BF82 /* GameModel.swift */ = {isa = PBXFileReference; fileEncoding = 4; lastKnownFileType = sourcecode.swift; path = GameModel.swift; sourceTree = "<group>"; };
		C18F88811EC3672F0084BE72 /* SeniorProjectTests.xctest */ = {isa = PBXFileReference; explicitFileType = wrapper.cfbundle; includeInIndex = 0; path = SeniorProjectTests.xctest; sourceTree = BUILT_PRODUCTS_DIR; };
		C18F88831EC3672F0084BE72 /* SeniorProjectTests.swift */ = {isa = PBXFileReference; lastKnownFileType = sourcecode.swift; path = SeniorProjectTests.swift; sourceTree = "<group>"; };
		C18F88851EC3672F0084BE72 /* Info.plist */ = {isa = PBXFileReference; lastKnownFileType = text.plist.xml; path = Info.plist; sourceTree = "<group>"; };
		C18F888B1EC3677A0084BE72 /* PlaneTests.swift */ = {isa = PBXFileReference; fileEncoding = 4; lastKnownFileType = sourcecode.swift; path = PlaneTests.swift; sourceTree = "<group>"; };
		C18F88911EC710350084BE72 /* SeniorProjectUITests.xctest */ = {isa = PBXFileReference; explicitFileType = wrapper.cfbundle; includeInIndex = 0; path = SeniorProjectUITests.xctest; sourceTree = BUILT_PRODUCTS_DIR; };
		C18F88931EC710350084BE72 /* SeniorProjectUITests.swift */ = {isa = PBXFileReference; lastKnownFileType = sourcecode.swift; path = SeniorProjectUITests.swift; sourceTree = "<group>"; };
		C18F88951EC710350084BE72 /* Info.plist */ = {isa = PBXFileReference; lastKnownFileType = text.plist.xml; path = Info.plist; sourceTree = "<group>"; };
		C1A2BE4A1E1A4252005BA4B7 /* GameOverScene.swift */ = {isa = PBXFileReference; fileEncoding = 4; lastKnownFileType = sourcecode.swift; path = GameOverScene.swift; sourceTree = "<group>"; };
		C1A2BE701E1B0D31005BA4B7 /* RainParticle.sks */ = {isa = PBXFileReference; lastKnownFileType = file.sks; path = RainParticle.sks; sourceTree = "<group>"; };
		C1A37E8C1ECA230E00EA812F /* MultiplayerPeerScene.swift */ = {isa = PBXFileReference; fileEncoding = 4; lastKnownFileType = sourcecode.swift; path = MultiplayerPeerScene.swift; sourceTree = "<group>"; };
		C1E468C61E05AE1C00408980 /* MainMenuScene.swift */ = {isa = PBXFileReference; fileEncoding = 4; lastKnownFileType = sourcecode.swift; path = MainMenuScene.swift; sourceTree = "<group>"; };
		C1E468CB1E05B0AB00408980 /* theBoldFont.ttf */ = {isa = PBXFileReference; lastKnownFileType = file; path = theBoldFont.ttf; sourceTree = "<group>"; };
		C1E621A81ED6FCD400CA9862 /* ScoreBoardScene.swift */ = {isa = PBXFileReference; fileEncoding = 4; lastKnownFileType = sourcecode.swift; path = ScoreBoardScene.swift; sourceTree = "<group>"; };
		C1E621AA1ED70C3900CA9862 /* HTTPHandler.swift */ = {isa = PBXFileReference; fileEncoding = 4; lastKnownFileType = sourcecode.swift; path = HTTPHandler.swift; sourceTree = "<group>"; };
		C1E621AC1ED73EC700CA9862 /* Podfile */ = {isa = PBXFileReference; fileEncoding = 4; lastKnownFileType = text; path = Podfile; sourceTree = "<group>"; };
		C1E621B11ED8A17800CA9862 /* Reachability.swift */ = {isa = PBXFileReference; fileEncoding = 4; lastKnownFileType = sourcecode.swift; path = Reachability.swift; sourceTree = "<group>"; };
		C1FD2CB41EC766DC0069935F /* MultipeerConnectorTests.swift */ = {isa = PBXFileReference; fileEncoding = 4; lastKnownFileType = sourcecode.swift; path = MultipeerConnectorTests.swift; sourceTree = "<group>"; };
/* End PBXFileReference section */

/* Begin PBXFrameworksBuildPhase section */
		C12B9D2D1DEDA33000D3C85F /* Frameworks */ = {
			isa = PBXFrameworksBuildPhase;
			buildActionMask = 2147483647;
			files = (
				28B0066CE8F0B5DBAD290785 /* Pods_SeniorProject.framework in Frameworks */,
			);
			runOnlyForDeploymentPostprocessing = 0;
		};
		C18F887E1EC3672F0084BE72 /* Frameworks */ = {
			isa = PBXFrameworksBuildPhase;
			buildActionMask = 2147483647;
			files = (
			);
			runOnlyForDeploymentPostprocessing = 0;
		};
		C18F888E1EC710350084BE72 /* Frameworks */ = {
			isa = PBXFrameworksBuildPhase;
			buildActionMask = 2147483647;
			files = (
			);
			runOnlyForDeploymentPostprocessing = 0;
		};
/* End PBXFrameworksBuildPhase section */

/* Begin PBXGroup section */
		70C85A249BD3ACC0B74E94CA /* Pods */ = {
			isa = PBXGroup;
			children = (
				5BD7573E63BE805CF3578F1E /* Pods-SeniorProject.debug.xcconfig */,
				5C8D98F5961EF7218A06AA6E /* Pods-SeniorProject.release.xcconfig */,
			);
			name = Pods;
			sourceTree = "<group>";
		};
		840D91047BBCEC287317973C /* Frameworks */ = {
			isa = PBXGroup;
			children = (
				1ECC406A48CD1E8013DDC4AA /* Pods_SeniorProject.framework */,
			);
			name = Frameworks;
			sourceTree = "<group>";
		};
		C12B9D271DEDA33000D3C85F = {
			isa = PBXGroup;
			children = (
				C1E621AC1ED73EC700CA9862 /* Podfile */,
				C12B9D321DEDA33000D3C85F /* SeniorProject */,
				C18F88821EC3672F0084BE72 /* SeniorProjectTests */,
				C18F88921EC710350084BE72 /* SeniorProjectUITests */,
				C12B9D311DEDA33000D3C85F /* Products */,
				70C85A249BD3ACC0B74E94CA /* Pods */,
				840D91047BBCEC287317973C /* Frameworks */,
			);
			sourceTree = "<group>";
		};
		C12B9D311DEDA33000D3C85F /* Products */ = {
			isa = PBXGroup;
			children = (
				C12B9D301DEDA33000D3C85F /* SeniorProject.app */,
				C18F88811EC3672F0084BE72 /* SeniorProjectTests.xctest */,
				C18F88911EC710350084BE72 /* SeniorProjectUITests.xctest */,
			);
			name = Products;
			sourceTree = "<group>";
		};
		C12B9D321DEDA33000D3C85F /* SeniorProject */ = {
			isa = PBXGroup;
			children = (
				C12B9D331DEDA33000D3C85F /* AppDelegate.swift */,
				C12B9D351DEDA33000D3C85F /* GameScene.sks */,
				C12B9D371DEDA33000D3C85F /* Actions.sks */,
				C12B9D391DEDA33000D3C85F /* GameScene.swift */,
				C1A37E8C1ECA230E00EA812F /* MultiplayerPeerScene.swift */,
				C1E468C61E05AE1C00408980 /* MainMenuScene.swift */,
				C1E621A81ED6FCD400CA9862 /* ScoreBoardScene.swift */,
				C1A2BE4A1E1A4252005BA4B7 /* GameOverScene.swift */,
				C12B9D3B1DEDA33000D3C85F /* GameViewController.swift */,
				C12B9D3D1DEDA33000D3C85F /* Main.storyboard */,
				C12B9D401DEDA33000D3C85F /* Assets.xcassets */,
				C1E468CB1E05B0AB00408980 /* theBoldFont.ttf */,
				C12B9D421DEDA33000D3C85F /* LaunchScreen.storyboard */,
				C12B9D451DEDA33000D3C85F /* Info.plist */,
				C1A2BE701E1B0D31005BA4B7 /* RainParticle.sks */,
				C13166581E1BCB930083CB74 /* FireParticle.sks */,
				C131665A1E1BCBA40083CB74 /* SmokeParticle.sks */,
				C1513D971E1CC96B001FEAC0 /* explosion.wav */,
				C1513D991E1CCA48001FEAC0 /* gameSound.mp3 */,
				C18CB6C01E9CD1040093BF82 /* MultipeerConnector.swift */,
				C18CB6C41E9D39AF0093BF82 /* GameModel.swift */,
				C160F61B1EC1B44F001CF5BC /* Plane.swift */,
				C1E621AA1ED70C3900CA9862 /* HTTPHandler.swift */,
				C1E621B11ED8A17800CA9862 /* Reachability.swift */,
			);
			path = SeniorProject;
			sourceTree = "<group>";
		};
		C18F88821EC3672F0084BE72 /* SeniorProjectTests */ = {
			isa = PBXGroup;
			children = (
				C18F888B1EC3677A0084BE72 /* PlaneTests.swift */,
				C1FD2CB41EC766DC0069935F /* MultipeerConnectorTests.swift */,
				C15714121EC859E100F6D1B0 /* MultiplayerPeerSceneTests.swift */,
				C18F88851EC3672F0084BE72 /* Info.plist */,
				C18F88831EC3672F0084BE72 /* SeniorProjectTests.swift */,
			);
			path = SeniorProjectTests;
			sourceTree = "<group>";
		};
		C18F88921EC710350084BE72 /* SeniorProjectUITests */ = {
			isa = PBXGroup;
			children = (
				C18F88931EC710350084BE72 /* SeniorProjectUITests.swift */,
				C18F88951EC710350084BE72 /* Info.plist */,
			);
			path = SeniorProjectUITests;
			sourceTree = "<group>";
		};
/* End PBXGroup section */

/* Begin PBXNativeTarget section */
		C12B9D2F1DEDA33000D3C85F /* SeniorProject */ = {
			isa = PBXNativeTarget;
			buildConfigurationList = C12B9D481DEDA33000D3C85F /* Build configuration list for PBXNativeTarget "SeniorProject" */;
			buildPhases = (
				AD04FB4368BFCA2931B178BF /* [CP] Check Pods Manifest.lock */,
				C12B9D2C1DEDA33000D3C85F /* Sources */,
				C12B9D2D1DEDA33000D3C85F /* Frameworks */,
				C12B9D2E1DEDA33000D3C85F /* Resources */,
				87A042E017DA2627DE554D79 /* [CP] Embed Pods Frameworks */,
				913C1B39A6DF514972B5A849 /* [CP] Copy Pods Resources */,
			);
			buildRules = (
			);
			dependencies = (
			);
			name = SeniorProject;
			productName = SeniorProject;
			productReference = C12B9D301DEDA33000D3C85F /* SeniorProject.app */;
			productType = "com.apple.product-type.application";
		};
		C18F88801EC3672F0084BE72 /* SeniorProjectTests */ = {
			isa = PBXNativeTarget;
			buildConfigurationList = C18F88881EC3672F0084BE72 /* Build configuration list for PBXNativeTarget "SeniorProjectTests" */;
			buildPhases = (
				C18F887D1EC3672F0084BE72 /* Sources */,
				C18F887E1EC3672F0084BE72 /* Frameworks */,
				C18F887F1EC3672F0084BE72 /* Resources */,
			);
			buildRules = (
			);
			dependencies = (
				C18F88871EC3672F0084BE72 /* PBXTargetDependency */,
			);
			name = SeniorProjectTests;
			productName = SeniorProjectTests;
			productReference = C18F88811EC3672F0084BE72 /* SeniorProjectTests.xctest */;
			productType = "com.apple.product-type.bundle.unit-test";
		};
		C18F88901EC710350084BE72 /* SeniorProjectUITests */ = {
			isa = PBXNativeTarget;
			buildConfigurationList = C18F88981EC710350084BE72 /* Build configuration list for PBXNativeTarget "SeniorProjectUITests" */;
			buildPhases = (
				C18F888D1EC710350084BE72 /* Sources */,
				C18F888E1EC710350084BE72 /* Frameworks */,
				C18F888F1EC710350084BE72 /* Resources */,
			);
			buildRules = (
			);
			dependencies = (
				C18F88971EC710350084BE72 /* PBXTargetDependency */,
			);
			name = SeniorProjectUITests;
			productName = SeniorProjectUITests;
			productReference = C18F88911EC710350084BE72 /* SeniorProjectUITests.xctest */;
			productType = "com.apple.product-type.bundle.ui-testing";
		};
/* End PBXNativeTarget section */

/* Begin PBXProject section */
		C12B9D281DEDA33000D3C85F /* Project object */ = {
			isa = PBXProject;
			attributes = {
				LastSwiftUpdateCheck = 0830;
				LastUpgradeCheck = 0820;
				ORGANIZATIONNAME = "Baris Yagan";
				TargetAttributes = {
					C12B9D2F1DEDA33000D3C85F = {
						CreatedOnToolsVersion = 8.1;
						DevelopmentTeam = L44GSVZ333;
						ProvisioningStyle = Automatic;
					};
					C18F88801EC3672F0084BE72 = {
						CreatedOnToolsVersion = 8.3.2;
						DevelopmentTeam = L44GSVZ333;
						ProvisioningStyle = Automatic;
						TestTargetID = C12B9D2F1DEDA33000D3C85F;
					};
					C18F88901EC710350084BE72 = {
						CreatedOnToolsVersion = 8.3.2;
						DevelopmentTeam = L44GSVZ333;
						ProvisioningStyle = Automatic;
						TestTargetID = C12B9D2F1DEDA33000D3C85F;
					};
				};
			};
			buildConfigurationList = C12B9D2B1DEDA33000D3C85F /* Build configuration list for PBXProject "SeniorProject" */;
			compatibilityVersion = "Xcode 3.2";
			developmentRegion = English;
			hasScannedForEncodings = 0;
			knownRegions = (
				en,
				Base,
			);
			mainGroup = C12B9D271DEDA33000D3C85F;
			productRefGroup = C12B9D311DEDA33000D3C85F /* Products */;
			projectDirPath = "";
			projectRoot = "";
			targets = (
				C12B9D2F1DEDA33000D3C85F /* SeniorProject */,
				C18F88801EC3672F0084BE72 /* SeniorProjectTests */,
				C18F88901EC710350084BE72 /* SeniorProjectUITests */,
			);
		};
/* End PBXProject section */

/* Begin PBXResourcesBuildPhase section */
		C12B9D2E1DEDA33000D3C85F /* Resources */ = {
			isa = PBXResourcesBuildPhase;
			buildActionMask = 2147483647;
			files = (
				C1513D981E1CC96B001FEAC0 /* explosion.wav in Resources */,
				C12B9D3F1DEDA33000D3C85F /* Main.storyboard in Resources */,
				C13166591E1BCB930083CB74 /* FireParticle.sks in Resources */,
				C12B9D361DEDA33000D3C85F /* GameScene.sks in Resources */,
				C1E468CC1E05B0AB00408980 /* theBoldFont.ttf in Resources */,
				C1513D9A1E1CCA48001FEAC0 /* gameSound.mp3 in Resources */,
				C1E621AD1ED73EC700CA9862 /* Podfile in Resources */,
				C12B9D411DEDA33000D3C85F /* Assets.xcassets in Resources */,
				C12B9D441DEDA33000D3C85F /* LaunchScreen.storyboard in Resources */,
				C1A2BE711E1B0D31005BA4B7 /* RainParticle.sks in Resources */,
				C131665B1E1BCBA40083CB74 /* SmokeParticle.sks in Resources */,
				C12B9D381DEDA33000D3C85F /* Actions.sks in Resources */,
			);
			runOnlyForDeploymentPostprocessing = 0;
		};
		C18F887F1EC3672F0084BE72 /* Resources */ = {
			isa = PBXResourcesBuildPhase;
			buildActionMask = 2147483647;
			files = (
			);
			runOnlyForDeploymentPostprocessing = 0;
		};
		C18F888F1EC710350084BE72 /* Resources */ = {
			isa = PBXResourcesBuildPhase;
			buildActionMask = 2147483647;
			files = (
			);
			runOnlyForDeploymentPostprocessing = 0;
		};
/* End PBXResourcesBuildPhase section */

/* Begin PBXShellScriptBuildPhase section */
		87A042E017DA2627DE554D79 /* [CP] Embed Pods Frameworks */ = {
			isa = PBXShellScriptBuildPhase;
			buildActionMask = 2147483647;
			files = (
			);
			inputPaths = (
			);
			name = "[CP] Embed Pods Frameworks";
			outputPaths = (
			);
			runOnlyForDeploymentPostprocessing = 0;
			shellPath = /bin/sh;
			shellScript = "\"${SRCROOT}/Pods/Target Support Files/Pods-SeniorProject/Pods-SeniorProject-frameworks.sh\"\n";
			showEnvVarsInLog = 0;
		};
		913C1B39A6DF514972B5A849 /* [CP] Copy Pods Resources */ = {
			isa = PBXShellScriptBuildPhase;
			buildActionMask = 2147483647;
			files = (
			);
			inputPaths = (
			);
			name = "[CP] Copy Pods Resources";
			outputPaths = (
			);
			runOnlyForDeploymentPostprocessing = 0;
			shellPath = /bin/sh;
			shellScript = "\"${SRCROOT}/Pods/Target Support Files/Pods-SeniorProject/Pods-SeniorProject-resources.sh\"\n";
			showEnvVarsInLog = 0;
		};
		AD04FB4368BFCA2931B178BF /* [CP] Check Pods Manifest.lock */ = {
			isa = PBXShellScriptBuildPhase;
			buildActionMask = 2147483647;
			files = (
			);
			inputPaths = (
			);
			name = "[CP] Check Pods Manifest.lock";
			outputPaths = (
			);
			runOnlyForDeploymentPostprocessing = 0;
			shellPath = /bin/sh;
			shellScript = "diff \"${PODS_PODFILE_DIR_PATH}/Podfile.lock\" \"${PODS_ROOT}/Manifest.lock\" > /dev/null\nif [ $? != 0 ] ; then\n    # print error to STDERR\n    echo \"error: The sandbox is not in sync with the Podfile.lock. Run 'pod install' or update your CocoaPods installation.\" >&2\n    exit 1\nfi\n";
			showEnvVarsInLog = 0;
		};
/* End PBXShellScriptBuildPhase section */

/* Begin PBXSourcesBuildPhase section */
		C12B9D2C1DEDA33000D3C85F /* Sources */ = {
			isa = PBXSourcesBuildPhase;
			buildActionMask = 2147483647;
			files = (
				C1A2BE4B1E1A4252005BA4B7 /* GameOverScene.swift in Sources */,
				C1E621AB1ED70C3900CA9862 /* HTTPHandler.swift in Sources */,
				C1E621B21ED8A17800CA9862 /* Reachability.swift in Sources */,
				C1A37E8D1ECA230E00EA812F /* MultiplayerPeerScene.swift in Sources */,
				C160F61C1EC1B44F001CF5BC /* Plane.swift in Sources */,
				C12B9D3A1DEDA33000D3C85F /* GameScene.swift in Sources */,
				C1E621A91ED6FCD400CA9862 /* ScoreBoardScene.swift in Sources */,
				C12B9D3C1DEDA33000D3C85F /* GameViewController.swift in Sources */,
				C18CB6C11E9CD1040093BF82 /* MultipeerConnector.swift in Sources */,
				C1E468C71E05AE1C00408980 /* MainMenuScene.swift in Sources */,
				C18CB6C51E9D39AF0093BF82 /* GameModel.swift in Sources */,
				C12B9D341DEDA33000D3C85F /* AppDelegate.swift in Sources */,
			);
			runOnlyForDeploymentPostprocessing = 0;
		};
		C18F887D1EC3672F0084BE72 /* Sources */ = {
			isa = PBXSourcesBuildPhase;
			buildActionMask = 2147483647;
			files = (
				C18F888C1EC3677A0084BE72 /* PlaneTests.swift in Sources */,
				C18F88841EC3672F0084BE72 /* SeniorProjectTests.swift in Sources */,
				C1FD2CB51EC766DC0069935F /* MultipeerConnectorTests.swift in Sources */,
				C15714131EC859E100F6D1B0 /* MultiplayerPeerSceneTests.swift in Sources */,
			);
			runOnlyForDeploymentPostprocessing = 0;
		};
		C18F888D1EC710350084BE72 /* Sources */ = {
			isa = PBXSourcesBuildPhase;
			buildActionMask = 2147483647;
			files = (
				C18F88941EC710350084BE72 /* SeniorProjectUITests.swift in Sources */,
			);
			runOnlyForDeploymentPostprocessing = 0;
		};
/* End PBXSourcesBuildPhase section */

/* Begin PBXTargetDependency section */
		C18F88871EC3672F0084BE72 /* PBXTargetDependency */ = {
			isa = PBXTargetDependency;
			target = C12B9D2F1DEDA33000D3C85F /* SeniorProject */;
			targetProxy = C18F88861EC3672F0084BE72 /* PBXContainerItemProxy */;
		};
		C18F88971EC710350084BE72 /* PBXTargetDependency */ = {
			isa = PBXTargetDependency;
			target = C12B9D2F1DEDA33000D3C85F /* SeniorProject */;
			targetProxy = C18F88961EC710350084BE72 /* PBXContainerItemProxy */;
		};
/* End PBXTargetDependency section */

/* Begin PBXVariantGroup section */
		C12B9D3D1DEDA33000D3C85F /* Main.storyboard */ = {
			isa = PBXVariantGroup;
			children = (
				C12B9D3E1DEDA33000D3C85F /* Base */,
			);
			name = Main.storyboard;
			sourceTree = "<group>";
		};
		C12B9D421DEDA33000D3C85F /* LaunchScreen.storyboard */ = {
			isa = PBXVariantGroup;
			children = (
				C12B9D431DEDA33000D3C85F /* Base */,
			);
			name = LaunchScreen.storyboard;
			sourceTree = "<group>";
		};
/* End PBXVariantGroup section */

/* Begin XCBuildConfiguration section */
		C12B9D461DEDA33000D3C85F /* Debug */ = {
			isa = XCBuildConfiguration;
			buildSettings = {
				ALWAYS_SEARCH_USER_PATHS = NO;
				CLANG_ANALYZER_NONNULL = YES;
				CLANG_CXX_LANGUAGE_STANDARD = "gnu++0x";
				CLANG_CXX_LIBRARY = "libc++";
				CLANG_ENABLE_MODULES = YES;
				CLANG_ENABLE_OBJC_ARC = YES;
				CLANG_WARN_BOOL_CONVERSION = YES;
				CLANG_WARN_CONSTANT_CONVERSION = YES;
				CLANG_WARN_DIRECT_OBJC_ISA_USAGE = YES_ERROR;
				CLANG_WARN_DOCUMENTATION_COMMENTS = YES;
				CLANG_WARN_EMPTY_BODY = YES;
				CLANG_WARN_ENUM_CONVERSION = YES;
				CLANG_WARN_INFINITE_RECURSION = YES;
				CLANG_WARN_INT_CONVERSION = YES;
				CLANG_WARN_OBJC_ROOT_CLASS = YES_ERROR;
				CLANG_WARN_SUSPICIOUS_MOVE = YES;
				CLANG_WARN_SUSPICIOUS_MOVES = YES;
				CLANG_WARN_UNREACHABLE_CODE = YES;
				CLANG_WARN__DUPLICATE_METHOD_MATCH = YES;
				"CODE_SIGN_IDENTITY[sdk=iphoneos*]" = "iPhone Developer";
				COPY_PHASE_STRIP = NO;
				DEBUG_INFORMATION_FORMAT = dwarf;
				ENABLE_STRICT_OBJC_MSGSEND = YES;
				ENABLE_TESTABILITY = YES;
				GCC_C_LANGUAGE_STANDARD = gnu99;
				GCC_DYNAMIC_NO_PIC = NO;
				GCC_NO_COMMON_BLOCKS = YES;
				GCC_OPTIMIZATION_LEVEL = 0;
				GCC_PREPROCESSOR_DEFINITIONS = (
					"DEBUG=1",
					"$(inherited)",
				);
				GCC_WARN_64_TO_32_BIT_CONVERSION = YES;
				GCC_WARN_ABOUT_RETURN_TYPE = YES_ERROR;
				GCC_WARN_UNDECLARED_SELECTOR = YES;
				GCC_WARN_UNINITIALIZED_AUTOS = YES_AGGRESSIVE;
				GCC_WARN_UNUSED_FUNCTION = YES;
				GCC_WARN_UNUSED_VARIABLE = YES;
				IPHONEOS_DEPLOYMENT_TARGET = 10.1;
				MTL_ENABLE_DEBUG_INFO = YES;
				ONLY_ACTIVE_ARCH = YES;
				SDKROOT = iphoneos;
				SWIFT_ACTIVE_COMPILATION_CONDITIONS = DEBUG;
				SWIFT_OPTIMIZATION_LEVEL = "-Onone";
				TARGETED_DEVICE_FAMILY = "1,2";
			};
			name = Debug;
		};
		C12B9D471DEDA33000D3C85F /* Release */ = {
			isa = XCBuildConfiguration;
			buildSettings = {
				ALWAYS_SEARCH_USER_PATHS = NO;
				CLANG_ANALYZER_NONNULL = YES;
				CLANG_CXX_LANGUAGE_STANDARD = "gnu++0x";
				CLANG_CXX_LIBRARY = "libc++";
				CLANG_ENABLE_MODULES = YES;
				CLANG_ENABLE_OBJC_ARC = YES;
				CLANG_WARN_BOOL_CONVERSION = YES;
				CLANG_WARN_CONSTANT_CONVERSION = YES;
				CLANG_WARN_DIRECT_OBJC_ISA_USAGE = YES_ERROR;
				CLANG_WARN_DOCUMENTATION_COMMENTS = YES;
				CLANG_WARN_EMPTY_BODY = YES;
				CLANG_WARN_ENUM_CONVERSION = YES;
				CLANG_WARN_INFINITE_RECURSION = YES;
				CLANG_WARN_INT_CONVERSION = YES;
				CLANG_WARN_OBJC_ROOT_CLASS = YES_ERROR;
				CLANG_WARN_SUSPICIOUS_MOVE = YES;
				CLANG_WARN_SUSPICIOUS_MOVES = YES;
				CLANG_WARN_UNREACHABLE_CODE = YES;
				CLANG_WARN__DUPLICATE_METHOD_MATCH = YES;
				"CODE_SIGN_IDENTITY[sdk=iphoneos*]" = "iPhone Developer";
				COPY_PHASE_STRIP = NO;
				DEBUG_INFORMATION_FORMAT = "dwarf-with-dsym";
				ENABLE_NS_ASSERTIONS = NO;
				ENABLE_STRICT_OBJC_MSGSEND = YES;
				GCC_C_LANGUAGE_STANDARD = gnu99;
				GCC_NO_COMMON_BLOCKS = YES;
				GCC_WARN_64_TO_32_BIT_CONVERSION = YES;
				GCC_WARN_ABOUT_RETURN_TYPE = YES_ERROR;
				GCC_WARN_UNDECLARED_SELECTOR = YES;
				GCC_WARN_UNINITIALIZED_AUTOS = YES_AGGRESSIVE;
				GCC_WARN_UNUSED_FUNCTION = YES;
				GCC_WARN_UNUSED_VARIABLE = YES;
				IPHONEOS_DEPLOYMENT_TARGET = 10.1;
				MTL_ENABLE_DEBUG_INFO = NO;
				SDKROOT = iphoneos;
				SWIFT_OPTIMIZATION_LEVEL = "-Owholemodule";
				TARGETED_DEVICE_FAMILY = "1,2";
				VALIDATE_PRODUCT = YES;
			};
			name = Release;
		};
		C12B9D491DEDA33000D3C85F /* Debug */ = {
			isa = XCBuildConfiguration;
			baseConfigurationReference = 5BD7573E63BE805CF3578F1E /* Pods-SeniorProject.debug.xcconfig */;
			buildSettings = {
				ASSETCATALOG_COMPILER_APPICON_NAME = AppIcon;
				"CODE_SIGN_IDENTITY[sdk=iphoneos*]" = "iPhone Developer";
				DEVELOPMENT_TEAM = L44GSVZ333;
				INFOPLIST_FILE = SeniorProject/Info.plist;
				LD_RUNPATH_SEARCH_PATHS = "$(inherited) @executable_path/Frameworks";
				PRODUCT_BUNDLE_IDENTIFIER = barisyagan.SeniorProject;
				PRODUCT_NAME = "$(TARGET_NAME)";
				SWIFT_VERSION = 3.0;
				TARGETED_DEVICE_FAMILY = "1,2";
			};
			name = Debug;
		};
		C12B9D4A1DEDA33000D3C85F /* Release */ = {
			isa = XCBuildConfiguration;
			baseConfigurationReference = 5C8D98F5961EF7218A06AA6E /* Pods-SeniorProject.release.xcconfig */;
			buildSettings = {
				ASSETCATALOG_COMPILER_APPICON_NAME = AppIcon;
				"CODE_SIGN_IDENTITY[sdk=iphoneos*]" = "iPhone Developer";
				DEVELOPMENT_TEAM = L44GSVZ333;
				INFOPLIST_FILE = SeniorProject/Info.plist;
				LD_RUNPATH_SEARCH_PATHS = "$(inherited) @executable_path/Frameworks";
				PRODUCT_BUNDLE_IDENTIFIER = barisyagan.SeniorProject;
				PRODUCT_NAME = "$(TARGET_NAME)";
				SWIFT_VERSION = 3.0;
				TARGETED_DEVICE_FAMILY = "1,2";
			};
			name = Release;
		};
		C18F88891EC3672F0084BE72 /* Debug */ = {
			isa = XCBuildConfiguration;
			buildSettings = {
				BUNDLE_LOADER = "$(TEST_HOST)";
				CLANG_ANALYZER_NUMBER_OBJECT_CONVERSION = YES_AGGRESSIVE;
				DEVELOPMENT_TEAM = L44GSVZ333;
				INFOPLIST_FILE = SeniorProjectTests/Info.plist;
				IPHONEOS_DEPLOYMENT_TARGET = 10.3;
				LD_RUNPATH_SEARCH_PATHS = "$(inherited) @executable_path/Frameworks @loader_path/Frameworks";
				PRODUCT_BUNDLE_IDENTIFIER = barisyagan.SeniorProjectTests;
				PRODUCT_NAME = "$(TARGET_NAME)";
				SWIFT_VERSION = 3.0;
				TEST_HOST = "$(BUILT_PRODUCTS_DIR)/SeniorProject.app/SeniorProject";
			};
			name = Debug;
		};
		C18F888A1EC3672F0084BE72 /* Release */ = {
			isa = XCBuildConfiguration;
			buildSettings = {
				BUNDLE_LOADER = "$(TEST_HOST)";
				CLANG_ANALYZER_NUMBER_OBJECT_CONVERSION = YES_AGGRESSIVE;
				DEVELOPMENT_TEAM = L44GSVZ333;
				INFOPLIST_FILE = SeniorProjectTests/Info.plist;
				IPHONEOS_DEPLOYMENT_TARGET = 10.3;
				LD_RUNPATH_SEARCH_PATHS = "$(inherited) @executable_path/Frameworks @loader_path/Frameworks";
				PRODUCT_BUNDLE_IDENTIFIER = barisyagan.SeniorProjectTests;
				PRODUCT_NAME = "$(TARGET_NAME)";
				SWIFT_VERSION = 3.0;
				TEST_HOST = "$(BUILT_PRODUCTS_DIR)/SeniorProject.app/SeniorProject";
			};
			name = Release;
		};
		C18F88991EC710350084BE72 /* Debug */ = {
			isa = XCBuildConfiguration;
			buildSettings = {
				CLANG_ANALYZER_NUMBER_OBJECT_CONVERSION = YES_AGGRESSIVE;
				DEVELOPMENT_TEAM = L44GSVZ333;
				INFOPLIST_FILE = SeniorProjectUITests/Info.plist;
				IPHONEOS_DEPLOYMENT_TARGET = 10.3;
				LD_RUNPATH_SEARCH_PATHS = "$(inherited) @executable_path/Frameworks @loader_path/Frameworks";
				PRODUCT_BUNDLE_IDENTIFIER = barisyagan.SeniorProjectUITests;
				PRODUCT_NAME = "$(TARGET_NAME)";
				SWIFT_VERSION = 3.0;
				TEST_TARGET_NAME = SeniorProject;
			};
			name = Debug;
		};
		C18F889A1EC710350084BE72 /* Release */ = {
			isa = XCBuildConfiguration;
			buildSettings = {
				CLANG_ANALYZER_NUMBER_OBJECT_CONVERSION = YES_AGGRESSIVE;
				DEVELOPMENT_TEAM = L44GSVZ333;
				INFOPLIST_FILE = SeniorProjectUITests/Info.plist;
				IPHONEOS_DEPLOYMENT_TARGET = 10.3;
				LD_RUNPATH_SEARCH_PATHS = "$(inherited) @executable_path/Frameworks @loader_path/Frameworks";
				PRODUCT_BUNDLE_IDENTIFIER = barisyagan.SeniorProjectUITests;
				PRODUCT_NAME = "$(TARGET_NAME)";
				SWIFT_VERSION = 3.0;
				TEST_TARGET_NAME = SeniorProject;
			};
			name = Release;
		};
/* End XCBuildConfiguration section */

/* Begin XCConfigurationList section */
		C12B9D2B1DEDA33000D3C85F /* Build configuration list for PBXProject "SeniorProject" */ = {
			isa = XCConfigurationList;
			buildConfigurations = (
				C12B9D461DEDA33000D3C85F /* Debug */,
				C12B9D471DEDA33000D3C85F /* Release */,
			);
			defaultConfigurationIsVisible = 0;
			defaultConfigurationName = Release;
		};
		C12B9D481DEDA33000D3C85F /* Build configuration list for PBXNativeTarget "SeniorProject" */ = {
			isa = XCConfigurationList;
			buildConfigurations = (
				C12B9D491DEDA33000D3C85F /* Debug */,
				C12B9D4A1DEDA33000D3C85F /* Release */,
			);
			defaultConfigurationIsVisible = 0;
			defaultConfigurationName = Release;
		};
		C18F88881EC3672F0084BE72 /* Build configuration list for PBXNativeTarget "SeniorProjectTests" */ = {
			isa = XCConfigurationList;
			buildConfigurations = (
				C18F88891EC3672F0084BE72 /* Debug */,
				C18F888A1EC3672F0084BE72 /* Release */,
			);
			defaultConfigurationIsVisible = 0;
			defaultConfigurationName = Release;
		};
		C18F88981EC710350084BE72 /* Build configuration list for PBXNativeTarget "SeniorProjectUITests" */ = {
			isa = XCConfigurationList;
			buildConfigurations = (
				C18F88991EC710350084BE72 /* Debug */,
				C18F889A1EC710350084BE72 /* Release */,
			);
			defaultConfigurationIsVisible = 0;
			defaultConfigurationName = Release;
		};
/* End XCConfigurationList section */
	};
	rootObject = C12B9D281DEDA33000D3C85F /* Project object */;
}
